
Microsoft Visual Studio Solution File, Format Version 12.00
# Visual Studio Version 17
VisualStudioVersion = 17.10.35013.160
MinimumVisualStudioVersion = 10.0.40219.1
Project("{FAE04EC0-301F-11D3-BF4B-00C04F79EFBC}") = "MGMTApp.WebApp", "ManagementApp.WebApp\MGMTApp.WebApp.csproj", "{5BBB8D99-972B-47AB-A784-967A1AB34E0B}"
EndProject
Project("{FAE04EC0-301F-11D3-BF4B-00C04F79EFBC}") = "MGMTApp.Domain", "MGMTApp.Domain\MGMTApp.Domain.csproj", "{6CF6A98C-E0B0-4F0B-A8E8-86FA524FBE44}"
EndProject
Project("{FAE04EC0-301F-11D3-BF4B-00C04F79EFBC}") = "MGMTApp.DataAccess", "MGMTApp.DataAccess\MGMTApp.DataAccess.csproj", "{22005E16-1DBD-4178-B40B-C588E89C010F}"
EndProject
Project("{2150E333-8FDC-42A3-9474-1A3956D46DE8}") = "Solution Items", "Solution Items", "{BEFBAE84-42EA-4650-872F-B786082003D7}"
	ProjectSection(SolutionItems) = preProject
		.editorconfig = .editorconfig
	EndProjectSection
EndProject
Project("{00D1A9C2-B5F0-4AF3-8072-F6C62B433612}") = "Database", "Database\Database.sqlproj", "{5EB58843-F9C8-4853-9CD8-D77552F0DE66}"
EndProject
Global
	GlobalSection(SolutionConfigurationPlatforms) = preSolution
		Debug|Any CPU = Debug|Any CPU
		Release|Any CPU = Release|Any CPU
	EndGlobalSection
	GlobalSection(ProjectConfigurationPlatforms) = postSolution
		{5BBB8D99-972B-47AB-A784-967A1AB34E0B}.Debug|Any CPU.ActiveCfg = Debug|Any CPU
		{5BBB8D99-972B-47AB-A784-967A1AB34E0B}.Debug|Any CPU.Build.0 = Debug|Any CPU
		{5BBB8D99-972B-47AB-A784-967A1AB34E0B}.Release|Any CPU.ActiveCfg = Release|Any CPU
		{5BBB8D99-972B-47AB-A784-967A1AB34E0B}.Release|Any CPU.Build.0 = Release|Any CPU
		{6CF6A98C-E0B0-4F0B-A8E8-86FA524FBE44}.Debug|Any CPU.ActiveCfg = Debug|Any CPU
		{6CF6A98C-E0B0-4F0B-A8E8-86FA524FBE44}.Debug|Any CPU.Build.0 = Debug|Any CPU
		{6CF6A98C-E0B0-4F0B-A8E8-86FA524FBE44}.Release|Any CPU.ActiveCfg = Release|Any CPU
		{6CF6A98C-E0B0-4F0B-A8E8-86FA524FBE44}.Release|Any CPU.Build.0 = Release|Any CPU
		{22005E16-1DBD-4178-B40B-C588E89C010F}.Debug|Any CPU.ActiveCfg = Debug|Any CPU
		{22005E16-1DBD-4178-B40B-C588E89C010F}.Debug|Any CPU.Build.0 = Debug|Any CPU
		{22005E16-1DBD-4178-B40B-C588E89C010F}.Release|Any CPU.ActiveCfg = Release|Any CPU
		{22005E16-1DBD-4178-B40B-C588E89C010F}.Release|Any CPU.Build.0 = Release|Any CPU
		{5EB58843-F9C8-4853-9CD8-D77552F0DE66}.Debug|Any CPU.ActiveCfg = Debug|Any CPU
		{5EB58843-F9C8-4853-9CD8-D77552F0DE66}.Debug|Any CPU.Build.0 = Debug|Any CPU
		{5EB58843-F9C8-4853-9CD8-D77552F0DE66}.Debug|Any CPU.Deploy.0 = Debug|Any CPU
		{5EB58843-F9C8-4853-9CD8-D77552F0DE66}.Release|Any CPU.ActiveCfg = Release|Any CPU
		{5EB58843-F9C8-4853-9CD8-D77552F0DE66}.Release|Any CPU.Build.0 = Release|Any CPU
		{5EB58843-F9C8-4853-9CD8-D77552F0DE66}.Release|Any CPU.Deploy.0 = Release|Any CPU
	EndGlobalSection
	GlobalSection(SolutionProperties) = preSolution
		HideSolutionNode = FALSE
	EndGlobalSection
	GlobalSection(ExtensibilityGlobals) = postSolution
		SolutionGuid = {E7A1990A-F5B5-446D-AC23-B9771172CA41}
	EndGlobalSection
EndGlobal
